
Microsoft Visual Studio Solution File, Format Version 12.00
# Visual Studio Version 17
VisualStudioVersion = 17.11.35222.181
MinimumVisualStudioVersion = 10.0.40219.1
Project("{9A19103F-16F7-4668-BE54-9A1E7A4F7556}") = "Milvonion.Api", "src\Milvonion.Api\Milvonion.Api.csproj", "{17249327-6FAE-4A8F-96CC-54648A322A29}"
EndProject
Project("{9A19103F-16F7-4668-BE54-9A1E7A4F7556}") = "Milvonion.Domain", "src\Milvonion.Domain\Milvonion.Domain.csproj", "{1A88A39A-E1E3-48A5-87E3-06621DFB8267}"
EndProject
Project("{9A19103F-16F7-4668-BE54-9A1E7A4F7556}") = "Milvonion.Infrastructure", "src\Milvonion.Infrastructure\Milvonion.Infrastructure.csproj", "{6C6CF317-B730-4268-88AD-BD66DFA16538}"
EndProject
Project("{9A19103F-16F7-4668-BE54-9A1E7A4F7556}") = "Milvonion.Application", "src\Milvonion.Application\Milvonion.Application.csproj", "{D74E3A99-B3B6-48FD-ADE4-81CFC2710527}"
EndProject
Project("{2150E333-8FDC-42A3-9474-1A3956D46DE8}") = "src", "src", "{5FBD06AE-B62A-492D-831F-DB78F37646E0}"
EndProject
Project("{9A19103F-16F7-4668-BE54-9A1E7A4F7556}") = "Milvonion.UnitTests", "tests\Milvonion.UnitTests\Milvonion.UnitTests.csproj", "{A0BCDB0E-9232-4B62-BE1D-F906205AC4EC}"
EndProject
Project("{9A19103F-16F7-4668-BE54-9A1E7A4F7556}") = "Milvonion.IntegrationTests", "tests\Milvonion.IntegrationTests\Milvonion.IntegrationTests.csproj", "{E97663AE-6998-4B4A-893C-183951D62C69}"
EndProject
Project("{2150E333-8FDC-42A3-9474-1A3956D46DE8}") = "tests", "tests", "{CEDCCDAA-0318-4501-BECE-B332558E2E8B}"
EndProject
Project("{2150E333-8FDC-42A3-9474-1A3956D46DE8}") = "Core", "Core", "{882BCA7A-27B4-415D-A20A-5E776DB8F756}"
EndProject
Project("{2150E333-8FDC-42A3-9474-1A3956D46DE8}") = "Infrastructure", "Infrastructure", "{5647F272-F14C-4248-8362-B3E2058E772A}"
EndProject
Project("{2150E333-8FDC-42A3-9474-1A3956D46DE8}") = "Presentation", "Presentation", "{4C6A0F97-3E5B-477B-A490-67403479D4D5}"
EndProject
Project("{2150E333-8FDC-42A3-9474-1A3956D46DE8}") = "docs", "docs", "{B360E7C1-3C75-463F-AD06-0A0B0C6C4BD6}"
	ProjectSection(SolutionItems) = preProject
		docs\sampledoc.md = docs\sampledoc.md
	EndProjectSection
EndProject
Project("{2150E333-8FDC-42A3-9474-1A3956D46DE8}") = "build", "build", "{C80116B3-0CAA-4559-BD69-4F431B3B0EB7}"
	ProjectSection(SolutionItems) = preProject
		build\build.bat = build\build.bat
		build\build.sh = build\build.sh
	EndProjectSection
EndProject
Project("{2150E333-8FDC-42A3-9474-1A3956D46DE8}") = "IntegrationTests", "IntegrationTests", "{BAD832CD-571A-457F-BE86-D0D13DA3B7C2}"
EndProject
Project("{2150E333-8FDC-42A3-9474-1A3956D46DE8}") = "UnitTests", "UnitTests", "{15D2F124-5FFE-4964-8514-0CEA7D129D2C}"
EndProject
Global
	GlobalSection(SolutionConfigurationPlatforms) = preSolution
		Debug|Any CPU = Debug|Any CPU
		Release|Any CPU = Release|Any CPU
		TemplateTest|Any CPU = TemplateTest|Any CPU
	EndGlobalSection
	GlobalSection(ProjectConfigurationPlatforms) = postSolution
		{17249327-6FAE-4A8F-96CC-54648A322A29}.Debug|Any CPU.ActiveCfg = Debug|Any CPU
		{17249327-6FAE-4A8F-96CC-54648A322A29}.Debug|Any CPU.Build.0 = Debug|Any CPU
		{17249327-6FAE-4A8F-96CC-54648A322A29}.Release|Any CPU.ActiveCfg = Release|Any CPU
		{17249327-6FAE-4A8F-96CC-54648A322A29}.Release|Any CPU.Build.0 = Release|Any CPU
		{17249327-6FAE-4A8F-96CC-54648A322A29}.TemplateTest|Any CPU.ActiveCfg = TemplateTest|Any CPU
		{17249327-6FAE-4A8F-96CC-54648A322A29}.TemplateTest|Any CPU.Build.0 = TemplateTest|Any CPU
		{1A88A39A-E1E3-48A5-87E3-06621DFB8267}.Debug|Any CPU.ActiveCfg = Debug|Any CPU
		{1A88A39A-E1E3-48A5-87E3-06621DFB8267}.Debug|Any CPU.Build.0 = Debug|Any CPU
		{1A88A39A-E1E3-48A5-87E3-06621DFB8267}.Release|Any CPU.ActiveCfg = Release|Any CPU
		{1A88A39A-E1E3-48A5-87E3-06621DFB8267}.Release|Any CPU.Build.0 = Release|Any CPU
		{1A88A39A-E1E3-48A5-87E3-06621DFB8267}.TemplateTest|Any CPU.ActiveCfg = TemplateTest|Any CPU
		{1A88A39A-E1E3-48A5-87E3-06621DFB8267}.TemplateTest|Any CPU.Build.0 = TemplateTest|Any CPU
		{6C6CF317-B730-4268-88AD-BD66DFA16538}.Debug|Any CPU.ActiveCfg = Debug|Any CPU
		{6C6CF317-B730-4268-88AD-BD66DFA16538}.Debug|Any CPU.Build.0 = Debug|Any CPU
		{6C6CF317-B730-4268-88AD-BD66DFA16538}.Release|Any CPU.ActiveCfg = Release|Any CPU
		{6C6CF317-B730-4268-88AD-BD66DFA16538}.Release|Any CPU.Build.0 = Release|Any CPU
		{6C6CF317-B730-4268-88AD-BD66DFA16538}.TemplateTest|Any CPU.ActiveCfg = TemplateTest|Any CPU
		{6C6CF317-B730-4268-88AD-BD66DFA16538}.TemplateTest|Any CPU.Build.0 = TemplateTest|Any CPU
		{D74E3A99-B3B6-48FD-ADE4-81CFC2710527}.Debug|Any CPU.ActiveCfg = Debug|Any CPU
		{D74E3A99-B3B6-48FD-ADE4-81CFC2710527}.Debug|Any CPU.Build.0 = Debug|Any CPU
		{D74E3A99-B3B6-48FD-ADE4-81CFC2710527}.Release|Any CPU.ActiveCfg = Release|Any CPU
		{D74E3A99-B3B6-48FD-ADE4-81CFC2710527}.Release|Any CPU.Build.0 = Release|Any CPU
		{D74E3A99-B3B6-48FD-ADE4-81CFC2710527}.TemplateTest|Any CPU.ActiveCfg = TemplateTest|Any CPU
		{D74E3A99-B3B6-48FD-ADE4-81CFC2710527}.TemplateTest|Any CPU.Build.0 = TemplateTest|Any CPU
		{A0BCDB0E-9232-4B62-BE1D-F906205AC4EC}.Debug|Any CPU.ActiveCfg = Debug|Any CPU
		{A0BCDB0E-9232-4B62-BE1D-F906205AC4EC}.Debug|Any CPU.Build.0 = Debug|Any CPU
		{A0BCDB0E-9232-4B62-BE1D-F906205AC4EC}.Release|Any CPU.ActiveCfg = Release|Any CPU
		{A0BCDB0E-9232-4B62-BE1D-F906205AC4EC}.Release|Any CPU.Build.0 = Release|Any CPU
		{A0BCDB0E-9232-4B62-BE1D-F906205AC4EC}.TemplateTest|Any CPU.ActiveCfg = Release|Any CPU
		{A0BCDB0E-9232-4B62-BE1D-F906205AC4EC}.TemplateTest|Any CPU.Build.0 = Release|Any CPU
		{E97663AE-6998-4B4A-893C-183951D62C69}.Debug|Any CPU.ActiveCfg = Debug|Any CPU
		{E97663AE-6998-4B4A-893C-183951D62C69}.Debug|Any CPU.Build.0 = Debug|Any CPU
		{E97663AE-6998-4B4A-893C-183951D62C69}.Release|Any CPU.ActiveCfg = Release|Any CPU
		{E97663AE-6998-4B4A-893C-183951D62C69}.Release|Any CPU.Build.0 = Release|Any CPU
		{E97663AE-6998-4B4A-893C-183951D62C69}.TemplateTest|Any CPU.ActiveCfg = Release|Any CPU
		{E97663AE-6998-4B4A-893C-183951D62C69}.TemplateTest|Any CPU.Build.0 = Release|Any CPU
	EndGlobalSection
	GlobalSection(SolutionProperties) = preSolution
		HideSolutionNode = FALSE
	EndGlobalSection
	GlobalSection(NestedProjects) = preSolution
		{17249327-6FAE-4A8F-96CC-54648A322A29} = {4C6A0F97-3E5B-477B-A490-67403479D4D5}
		{1A88A39A-E1E3-48A5-87E3-06621DFB8267} = {882BCA7A-27B4-415D-A20A-5E776DB8F756}
		{6C6CF317-B730-4268-88AD-BD66DFA16538} = {5647F272-F14C-4248-8362-B3E2058E772A}
		{D74E3A99-B3B6-48FD-ADE4-81CFC2710527} = {882BCA7A-27B4-415D-A20A-5E776DB8F756}
		{A0BCDB0E-9232-4B62-BE1D-F906205AC4EC} = {15D2F124-5FFE-4964-8514-0CEA7D129D2C}
		{E97663AE-6998-4B4A-893C-183951D62C69} = {BAD832CD-571A-457F-BE86-D0D13DA3B7C2}
		{882BCA7A-27B4-415D-A20A-5E776DB8F756} = {5FBD06AE-B62A-492D-831F-DB78F37646E0}
		{5647F272-F14C-4248-8362-B3E2058E772A} = {5FBD06AE-B62A-492D-831F-DB78F37646E0}
		{4C6A0F97-3E5B-477B-A490-67403479D4D5} = {5FBD06AE-B62A-492D-831F-DB78F37646E0}
		{BAD832CD-571A-457F-BE86-D0D13DA3B7C2} = {CEDCCDAA-0318-4501-BECE-B332558E2E8B}
		{15D2F124-5FFE-4964-8514-0CEA7D129D2C} = {CEDCCDAA-0318-4501-BECE-B332558E2E8B}
	EndGlobalSection
	GlobalSection(ExtensibilityGlobals) = postSolution
		SolutionGuid = {E888B99C-2561-4D2A-89D7-7F08183BC3E0}
	EndGlobalSection
EndGlobal
