
Microsoft Visual Studio Solution File, Format Version 12.00
# Visual Studio Version 17
VisualStudioVersion = 17.11.35222.181
MinimumVisualStudioVersion = 10.0.40219.1
Project("{9A19103F-16F7-4668-BE54-9A1E7A4F7556}") = "Milvasoft.Templates", "Milvasoft.Templates.csproj", "{B99BFB1A-7ADB-4ED8-BE59-48D975A6C6CC}"
EndProject
Global
	GlobalSection(SolutionConfigurationPlatforms) = preSolution
		Debug|Any CPU = Debug|Any CPU
		Release|Any CPU = Release|Any CPU
	EndGlobalSection
	GlobalSection(ProjectConfigurationPlatforms) = postSolution
		{B99BFB1A-7ADB-4ED8-BE59-48D975A6C6CC}.Debug|Any CPU.ActiveCfg = Debug|Any CPU
		{B99BFB1A-7ADB-4ED8-BE59-48D975A6C6CC}.Debug|Any CPU.Build.0 = Debug|Any CPU
		{B99BFB1A-7ADB-4ED8-BE59-48D975A6C6CC}.Release|Any CPU.ActiveCfg = Release|Any CPU
		{B99BFB1A-7ADB-4ED8-BE59-48D975A6C6CC}.Release|Any CPU.Build.0 = Release|Any CPU
	EndGlobalSection
	GlobalSection(SolutionProperties) = preSolution
		HideSolutionNode = FALSE
	EndGlobalSection
	GlobalSection(ExtensibilityGlobals) = postSolution
		SolutionGuid = {7B8D0568-4E97-4465-A3FB-3CCA2516A72E}
	EndGlobalSection
EndGlobal
